// !$*UTF8*$!
{
	archiveVersion = 1;
	classes = {
	};
	objectVersion = 46;
	objects = {

/* Begin PBXBuildFile section */
		0D376948166F912B006017DD /* ListaContatosViewController.m in Sources */ = {isa = PBXBuildFile; fileRef = 0D376947166F912B006017DD /* ListaContatosViewController.m */; };
		0DB38B04166E3FA60056C3E8 /* UIKit.framework in Frameworks */ = {isa = PBXBuildFile; fileRef = 0DB38B03166E3FA60056C3E8 /* UIKit.framework */; };
		0DB38B06166E3FA60056C3E8 /* Foundation.framework in Frameworks */ = {isa = PBXBuildFile; fileRef = 0DB38B05166E3FA60056C3E8 /* Foundation.framework */; };
		0DB38B08166E3FA60056C3E8 /* CoreGraphics.framework in Frameworks */ = {isa = PBXBuildFile; fileRef = 0DB38B07166E3FA60056C3E8 /* CoreGraphics.framework */; };
		0DB38B0E166E3FA60056C3E8 /* InfoPlist.strings in Resources */ = {isa = PBXBuildFile; fileRef = 0DB38B0C166E3FA60056C3E8 /* InfoPlist.strings */; };
		0DB38B10166E3FA60056C3E8 /* main.m in Sources */ = {isa = PBXBuildFile; fileRef = 0DB38B0F166E3FA60056C3E8 /* main.m */; };
		0DB38B14166E3FA60056C3E8 /* CMPAppDelegate.m in Sources */ = {isa = PBXBuildFile; fileRef = 0DB38B13166E3FA60056C3E8 /* CMPAppDelegate.m */; };
		0DB38B1D166E40C80056C3E8 /* CMPFormularioContatoViewControllerViewController.m in Sources */ = {isa = PBXBuildFile; fileRef = 0DB38B1B166E40C80056C3E8 /* CMPFormularioContatoViewControllerViewController.m */; };
		0DB38B1E166E40C80056C3E8 /* CMPFormularioContatoViewControllerViewController.xib in Resources */ = {isa = PBXBuildFile; fileRef = 0DB38B1C166E40C80056C3E8 /* CMPFormularioContatoViewControllerViewController.xib */; };
		0DB3A90B166F80AF00355D05 /* Contato.m in Sources */ = {isa = PBXBuildFile; fileRef = 0DB3A90A166F80AF00355D05 /* Contato.m */; };
/* End PBXBuildFile section */

/* Begin PBXFileReference section */
		0D376946166F912B006017DD /* ListaContatosViewController.h */ = {isa = PBXFileReference; fileEncoding = 4; lastKnownFileType = sourcecode.c.h; path = ListaContatosViewController.h; sourceTree = "<group>"; };
		0D376947166F912B006017DD /* ListaContatosViewController.m */ = {isa = PBXFileReference; fileEncoding = 4; lastKnownFileType = sourcecode.c.objc; path = ListaContatosViewController.m; sourceTree = "<group>"; };
		0DB38AFF166E3FA60056C3E8 /* ContatosIP67.app */ = {isa = PBXFileReference; explicitFileType = wrapper.application; includeInIndex = 0; path = ContatosIP67.app; sourceTree = BUILT_PRODUCTS_DIR; };
		0DB38B03166E3FA60056C3E8 /* UIKit.framework */ = {isa = PBXFileReference; lastKnownFileType = wrapper.framework; name = UIKit.framework; path = System/Library/Frameworks/UIKit.framework; sourceTree = SDKROOT; };
		0DB38B05166E3FA60056C3E8 /* Foundation.framework */ = {isa = PBXFileReference; lastKnownFileType = wrapper.framework; name = Foundation.framework; path = System/Library/Frameworks/Foundation.framework; sourceTree = SDKROOT; };
		0DB38B07166E3FA60056C3E8 /* CoreGraphics.framework */ = {isa = PBXFileReference; lastKnownFileType = wrapper.framework; name = CoreGraphics.framework; path = System/Library/Frameworks/CoreGraphics.framework; sourceTree = SDKROOT; };
		0DB38B0B166E3FA60056C3E8 /* ContatosIP67-Info.plist */ = {isa = PBXFileReference; lastKnownFileType = text.plist.xml; path = "ContatosIP67-Info.plist"; sourceTree = "<group>"; };
		0DB38B0D166E3FA60056C3E8 /* en */ = {isa = PBXFileReference; lastKnownFileType = text.plist.strings; name = en; path = en.lproj/InfoPlist.strings; sourceTree = "<group>"; };
		0DB38B0F166E3FA60056C3E8 /* main.m */ = {isa = PBXFileReference; lastKnownFileType = sourcecode.c.objc; path = main.m; sourceTree = "<group>"; };
		0DB38B11166E3FA60056C3E8 /* ContatosIP67-Prefix.pch */ = {isa = PBXFileReference; lastKnownFileType = sourcecode.c.h; path = "ContatosIP67-Prefix.pch"; sourceTree = "<group>"; };
		0DB38B12166E3FA60056C3E8 /* CMPAppDelegate.h */ = {isa = PBXFileReference; lastKnownFileType = sourcecode.c.h; path = CMPAppDelegate.h; sourceTree = "<group>"; };
		0DB38B13166E3FA60056C3E8 /* CMPAppDelegate.m */ = {isa = PBXFileReference; lastKnownFileType = sourcecode.c.objc; path = CMPAppDelegate.m; sourceTree = "<group>"; };
		0DB38B1A166E40C80056C3E8 /* CMPFormularioContatoViewControllerViewController.h */ = {isa = PBXFileReference; fileEncoding = 4; lastKnownFileType = sourcecode.c.h; path = CMPFormularioContatoViewControllerViewController.h; sourceTree = "<group>"; };
		0DB38B1B166E40C80056C3E8 /* CMPFormularioContatoViewControllerViewController.m */ = {isa = PBXFileReference; fileEncoding = 4; lastKnownFileType = sourcecode.c.objc; path = CMPFormularioContatoViewControllerViewController.m; sourceTree = "<group>"; };
		0DB38B1C166E40C80056C3E8 /* CMPFormularioContatoViewControllerViewController.xib */ = {isa = PBXFileReference; fileEncoding = 4; lastKnownFileType = file.xib; path = CMPFormularioContatoViewControllerViewController.xib; sourceTree = "<group>"; };
		0DB3A1BE16722E2C0094FC78 /* ListaContatosProtocol.h */ = {isa = PBXFileReference; lastKnownFileType = sourcecode.c.h; path = ListaContatosProtocol.h; sourceTree = "<group>"; };
		0DB3A909166F80AF00355D05 /* Contato.h */ = {isa = PBXFileReference; fileEncoding = 4; lastKnownFileType = sourcecode.c.h; path = Contato.h; sourceTree = "<group>"; };
		0DB3A90A166F80AF00355D05 /* Contato.m */ = {isa = PBXFileReference; fileEncoding = 4; lastKnownFileType = sourcecode.c.objc; path = Contato.m; sourceTree = "<group>"; };
/* End PBXFileReference section */

/* Begin PBXFrameworksBuildPhase section */
		0DB38AFC166E3FA60056C3E8 /* Frameworks */ = {
			isa = PBXFrameworksBuildPhase;
			buildActionMask = 2147483647;
			files = (
				0DB38B04166E3FA60056C3E8 /* UIKit.framework in Frameworks */,
				0DB38B06166E3FA60056C3E8 /* Foundation.framework in Frameworks */,
				0DB38B08166E3FA60056C3E8 /* CoreGraphics.framework in Frameworks */,
			);
			runOnlyForDeploymentPostprocessing = 0;
		};
/* End PBXFrameworksBuildPhase section */

/* Begin PBXGroup section */
		0DB38AF4166E3FA60056C3E8 = {
			isa = PBXGroup;
			children = (
				0DB38B09166E3FA60056C3E8 /* ContatosIP67 */,
				0DB38B02166E3FA60056C3E8 /* Frameworks */,
				0DB38B00166E3FA60056C3E8 /* Products */,
			);
			sourceTree = "<group>";
		};
		0DB38B00166E3FA60056C3E8 /* Products */ = {
			isa = PBXGroup;
			children = (
				0DB38AFF166E3FA60056C3E8 /* ContatosIP67.app */,
			);
			name = Products;
			sourceTree = "<group>";
		};
		0DB38B02166E3FA60056C3E8 /* Frameworks */ = {
			isa = PBXGroup;
			children = (
				0DB38B03166E3FA60056C3E8 /* UIKit.framework */,
				0DB38B05166E3FA60056C3E8 /* Foundation.framework */,
				0DB38B07166E3FA60056C3E8 /* CoreGraphics.framework */,
			);
			name = Frameworks;
			sourceTree = "<group>";
		};
		0DB38B09166E3FA60056C3E8 /* ContatosIP67 */ = {
			isa = PBXGroup;
			children = (
				0DB3A909166F80AF00355D05 /* Contato.h */,
				0DB3A90A166F80AF00355D05 /* Contato.m */,
				0DB38B12166E3FA60056C3E8 /* CMPAppDelegate.h */,
				0DB38B13166E3FA60056C3E8 /* CMPAppDelegate.m */,
				0DB38B1A166E40C80056C3E8 /* CMPFormularioContatoViewControllerViewController.h */,
				0DB38B1B166E40C80056C3E8 /* CMPFormularioContatoViewControllerViewController.m */,
				0DB3A1BE16722E2C0094FC78 /* ListaContatosProtocol.h */,
				0D376946166F912B006017DD /* ListaContatosViewController.h */,
				0D376947166F912B006017DD /* ListaContatosViewController.m */,
				0DB38B1C166E40C80056C3E8 /* CMPFormularioContatoViewControllerViewController.xib */,
				0DB38B0A166E3FA60056C3E8 /* Supporting Files */,
			);
			path = ContatosIP67;
			sourceTree = "<group>";
		};
		0DB38B0A166E3FA60056C3E8 /* Supporting Files */ = {
			isa = PBXGroup;
			children = (
				0DB38B0B166E3FA60056C3E8 /* ContatosIP67-Info.plist */,
				0DB38B0C166E3FA60056C3E8 /* InfoPlist.strings */,
				0DB38B0F166E3FA60056C3E8 /* main.m */,
				0DB38B11166E3FA60056C3E8 /* ContatosIP67-Prefix.pch */,
			);
			name = "Supporting Files";
			sourceTree = "<group>";
		};
/* End PBXGroup section */

/* Begin PBXNativeTarget section */
		0DB38AFE166E3FA60056C3E8 /* ContatosIP67 */ = {
			isa = PBXNativeTarget;
			buildConfigurationList = 0DB38B17166E3FA60056C3E8 /* Build configuration list for PBXNativeTarget "ContatosIP67" */;
			buildPhases = (
				0DB38AFB166E3FA60056C3E8 /* Sources */,
				0DB38AFC166E3FA60056C3E8 /* Frameworks */,
				0DB38AFD166E3FA60056C3E8 /* Resources */,
			);
			buildRules = (
			);
			dependencies = (
			);
			name = ContatosIP67;
			productName = ContatosIP67;
			productReference = 0DB38AFF166E3FA60056C3E8 /* ContatosIP67.app */;
			productType = "com.apple.product-type.application";
		};
/* End PBXNativeTarget section */

/* Begin PBXProject section */
		0DB38AF6166E3FA60056C3E8 /* Project object */ = {
			isa = PBXProject;
			attributes = {
				CLASSPREFIX = CMP;
				LastUpgradeCheck = 0430;
			};
			buildConfigurationList = 0DB38AF9166E3FA60056C3E8 /* Build configuration list for PBXProject "ContatosIP67" */;
			compatibilityVersion = "Xcode 3.2";
			developmentRegion = English;
			hasScannedForEncodings = 0;
			knownRegions = (
				en,
			);
			mainGroup = 0DB38AF4166E3FA60056C3E8;
			productRefGroup = 0DB38B00166E3FA60056C3E8 /* Products */;
			projectDirPath = "";
			projectRoot = "";
			targets = (
				0DB38AFE166E3FA60056C3E8 /* ContatosIP67 */,
			);
		};
/* End PBXProject section */

/* Begin PBXResourcesBuildPhase section */
		0DB38AFD166E3FA60056C3E8 /* Resources */ = {
			isa = PBXResourcesBuildPhase;
			buildActionMask = 2147483647;
			files = (
				0DB38B0E166E3FA60056C3E8 /* InfoPlist.strings in Resources */,
				0DB38B1E166E40C80056C3E8 /* CMPFormularioContatoViewControllerViewController.xib in Resources */,
			);
			runOnlyForDeploymentPostprocessing = 0;
		};
/* End PBXResourcesBuildPhase section */

/* Begin PBXSourcesBuildPhase section */
		0DB38AFB166E3FA60056C3E8 /* Sources */ = {
			isa = PBXSourcesBuildPhase;
			buildActionMask = 2147483647;
			files = (
				0DB38B10166E3FA60056C3E8 /* main.m in Sources */,
				0DB38B14166E3FA60056C3E8 /* CMPAppDelegate.m in Sources */,
				0DB38B1D166E40C80056C3E8 /* CMPFormularioContatoViewControllerViewController.m in Sources */,
				0DB3A90B166F80AF00355D05 /* Contato.m in Sources */,
				0D376948166F912B006017DD /* ListaContatosViewController.m in Sources */,
			);
			runOnlyForDeploymentPostprocessing = 0;
		};
/* End PBXSourcesBuildPhase section */

/* Begin PBXVariantGroup section */
		0DB38B0C166E3FA60056C3E8 /* InfoPlist.strings */ = {
			isa = PBXVariantGroup;
			children = (
				0DB38B0D166E3FA60056C3E8 /* en */,
			);
			name = InfoPlist.strings;
			sourceTree = "<group>";
		};
/* End PBXVariantGroup section */

/* Begin XCBuildConfiguration section */
		0DB38B15166E3FA60056C3E8 /* Debug */ = {
			isa = XCBuildConfiguration;
			buildSettings = {
				ALWAYS_SEARCH_USER_PATHS = NO;
				ARCHS = "$(ARCHS_STANDARD_32_BIT)";
				CLANG_ENABLE_OBJC_ARC = YES;
				"CODE_SIGN_IDENTITY[sdk=iphoneos*]" = "iPhone Developer";
				COPY_PHASE_STRIP = NO;
				GCC_C_LANGUAGE_STANDARD = gnu99;
				GCC_DYNAMIC_NO_PIC = NO;
				GCC_OPTIMIZATION_LEVEL = 0;
				GCC_PREPROCESSOR_DEFINITIONS = (
					"DEBUG=1",
					"$(inherited)",
				);
				GCC_SYMBOLS_PRIVATE_EXTERN = NO;
				GCC_VERSION = com.apple.compilers.llvm.clang.1_0;
				GCC_WARN_ABOUT_RETURN_TYPE = YES;
				GCC_WARN_UNINITIALIZED_AUTOS = YES;
				GCC_WARN_UNUSED_VARIABLE = YES;
				IPHONEOS_DEPLOYMENT_TARGET = 5.1;
				SDKROOT = iphoneos;
			};
			name = Debug;
		};
		0DB38B16166E3FA60056C3E8 /* Release */ = {
			isa = XCBuildConfiguration;
			buildSettings = {
				ALWAYS_SEARCH_USER_PATHS = NO;
				ARCHS = "$(ARCHS_STANDARD_32_BIT)";
				CLANG_ENABLE_OBJC_ARC = YES;
				"CODE_SIGN_IDENTITY[sdk=iphoneos*]" = "iPhone Developer";
				COPY_PHASE_STRIP = YES;
				GCC_C_LANGUAGE_STANDARD = gnu99;
				GCC_VERSION = com.apple.compilers.llvm.clang.1_0;
				GCC_WARN_ABOUT_RETURN_TYPE = YES;
				GCC_WARN_UNINITIALIZED_AUTOS = YES;
				GCC_WARN_UNUSED_VARIABLE = YES;
				IPHONEOS_DEPLOYMENT_TARGET = 5.1;
				OTHER_CFLAGS = "-DNS_BLOCK_ASSERTIONS=1";
				SDKROOT = iphoneos;
				VALIDATE_PRODUCT = YES;
			};
			name = Release;
		};
		0DB38B18166E3FA60056C3E8 /* Debug */ = {
			isa = XCBuildConfiguration;
			buildSettings = {
				GCC_PRECOMPILE_PREFIX_HEADER = YES;
				GCC_PREFIX_HEADER = "ContatosIP67/ContatosIP67-Prefix.pch";
				INFOPLIST_FILE = "ContatosIP67/ContatosIP67-Info.plist";
				IPHONEOS_DEPLOYMENT_TARGET = 5.1;
				PRODUCT_NAME = "$(TARGET_NAME)";
				TARGETED_DEVICE_FAMILY = 1;
				WRAPPER_EXTENSION = app;
			};
			name = Debug;
		};
		0DB38B19166E3FA60056C3E8 /* Release */ = {
			isa = XCBuildConfiguration;
			buildSettings = {
				GCC_PRECOMPILE_PREFIX_HEADER = YES;
				GCC_PREFIX_HEADER = "ContatosIP67/ContatosIP67-Prefix.pch";
				INFOPLIST_FILE = "ContatosIP67/ContatosIP67-Info.plist";
				IPHONEOS_DEPLOYMENT_TARGET = 5.1;
				PRODUCT_NAME = "$(TARGET_NAME)";
				TARGETED_DEVICE_FAMILY = 1;
				WRAPPER_EXTENSION = app;
			};
			name = Release;
		};
/* End XCBuildConfiguration section */

/* Begin XCConfigurationList section */
		0DB38AF9166E3FA60056C3E8 /* Build configuration list for PBXProject "ContatosIP67" */ = {
			isa = XCConfigurationList;
			buildConfigurations = (
				0DB38B15166E3FA60056C3E8 /* Debug */,
				0DB38B16166E3FA60056C3E8 /* Release */,
			);
			defaultConfigurationIsVisible = 0;
			defaultConfigurationName = Release;
		};
		0DB38B17166E3FA60056C3E8 /* Build configuration list for PBXNativeTarget "ContatosIP67" */ = {
			isa = XCConfigurationList;
			buildConfigurations = (
				0DB38B18166E3FA60056C3E8 /* Debug */,
				0DB38B19166E3FA60056C3E8 /* Release */,
			);
			defaultConfigurationIsVisible = 0;
			defaultConfigurationName = Release;
		};
/* End XCConfigurationList section */
	};
	rootObject = 0DB38AF6166E3FA60056C3E8 /* Project object */;
}
